
Microsoft Visual Studio Solution File, Format Version 12.00
# Visual Studio Version 16
VisualStudioVersion = 16.0.32126.315
MinimumVisualStudioVersion = 10.0.40219.1
Project("{FAE04EC0-301F-11D3-BF4B-00C04F79EFBC}") = "Tree_1.0", "Tree_1.0\Tree_1.0.csproj", "{1BE120C5-8F82-44A9-8CA3-933FEB25165F}"
EndProject
Global
	GlobalSection(SolutionConfigurationPlatforms) = preSolution
		Debug|Any CPU = Debug|Any CPU
		Release|Any CPU = Release|Any CPU
	EndGlobalSection
	GlobalSection(ProjectConfigurationPlatforms) = postSolution
		{1BE120C5-8F82-44A9-8CA3-933FEB25165F}.Debug|Any CPU.ActiveCfg = Debug|Any CPU
		{1BE120C5-8F82-44A9-8CA3-933FEB25165F}.Debug|Any CPU.Build.0 = Debug|Any CPU
		{1BE120C5-8F82-44A9-8CA3-933FEB25165F}.Release|Any CPU.ActiveCfg = Release|Any CPU
		{1BE120C5-8F82-44A9-8CA3-933FEB25165F}.Release|Any CPU.Build.0 = Release|Any CPU
	EndGlobalSection
	GlobalSection(SolutionProperties) = preSolution
		HideSolutionNode = FALSE
	EndGlobalSection
	GlobalSection(ExtensibilityGlobals) = postSolution
		SolutionGuid = {102E3E49-20C8-4D88-9FD6-0CD5D1E5A9C3}
	EndGlobalSection
EndGlobal
